// !$*UTF8*$!
{
	archiveVersion = 1;
	classes = {
	};
	objectVersion = 56;
	objects = {

/* Begin PBXBuildFile section */
		D632F1372B7E76E300EE520E /* KaratheodorisTVApp.swift in Sources */ = {isa = PBXBuildFile; fileRef = D632F1362B7E76E300EE520E /* KaratheodorisTVApp.swift */; };
		D632F1392B7E76E300EE520E /* ContentView.swift in Sources */ = {isa = PBXBuildFile; fileRef = D632F1382B7E76E300EE520E /* ContentView.swift */; };
		D632F13B2B7E76E500EE520E /* Assets.xcassets in Resources */ = {isa = PBXBuildFile; fileRef = D632F13A2B7E76E500EE520E /* Assets.xcassets */; };
		D632F13E2B7E76E500EE520E /* Preview Assets.xcassets in Resources */ = {isa = PBXBuildFile; fileRef = D632F13D2B7E76E500EE520E /* Preview Assets.xcassets */; };
		D632F1482B7E76E500EE520E /* KaratheodorisTVTests.swift in Sources */ = {isa = PBXBuildFile; fileRef = D632F1472B7E76E500EE520E /* KaratheodorisTVTests.swift */; };
		D632F1522B7E76E500EE520E /* KaratheodorisTVUITests.swift in Sources */ = {isa = PBXBuildFile; fileRef = D632F1512B7E76E500EE520E /* KaratheodorisTVUITests.swift */; };
		D632F1542B7E76E500EE520E /* KaratheodorisTVUITestsLaunchTests.swift in Sources */ = {isa = PBXBuildFile; fileRef = D632F1532B7E76E500EE520E /* KaratheodorisTVUITestsLaunchTests.swift */; };
		D632F1692B7E7ADB00EE520E /* Publications.swift in Sources */ = {isa = PBXBuildFile; fileRef = D632F1632B7E7ADB00EE520E /* Publications.swift */; };
		D632F16A2B7E7ADB00EE520E /* HomeView.swift in Sources */ = {isa = PBXBuildFile; fileRef = D632F1642B7E7ADB00EE520E /* HomeView.swift */; };
		D632F16B2B7E7ADB00EE520E /* Biography.swift in Sources */ = {isa = PBXBuildFile; fileRef = D632F1652B7E7ADB00EE520E /* Biography.swift */; };
		D632F16E2B7E7ADB00EE520E /* Gallery.swift in Sources */ = {isa = PBXBuildFile; fileRef = D632F1682B7E7ADB00EE520E /* Gallery.swift */; };
		D6978A0B2B7EC04C00977E53 /* QuizView.swift in Sources */ = {isa = PBXBuildFile; fileRef = D6978A0A2B7EC04C00977E53 /* QuizView.swift */; };
		D6978A102B7EC26200977E53 /* Question.swift in Sources */ = {isa = PBXBuildFile; fileRef = D6978A0F2B7EC26200977E53 /* Question.swift */; };
		D6978A132B7ED63C00977E53 /* QuestionViewModel.swift in Sources */ = {isa = PBXBuildFile; fileRef = D6978A122B7ED63C00977E53 /* QuestionViewModel.swift */; };
/* End PBXBuildFile section */

/* Begin PBXContainerItemProxy section */
		D632F1442B7E76E500EE520E /* PBXContainerItemProxy */ = {
			isa = PBXContainerItemProxy;
			containerPortal = D632F12B2B7E76E300EE520E /* Project object */;
			proxyType = 1;
			remoteGlobalIDString = D632F1322B7E76E300EE520E;
			remoteInfo = KaratheodorisTV;
		};
		D632F14E2B7E76E500EE520E /* PBXContainerItemProxy */ = {
			isa = PBXContainerItemProxy;
			containerPortal = D632F12B2B7E76E300EE520E /* Project object */;
			proxyType = 1;
			remoteGlobalIDString = D632F1322B7E76E300EE520E;
			remoteInfo = KaratheodorisTV;
		};
/* End PBXContainerItemProxy section */

/* Begin PBXFileReference section */
		D632F1332B7E76E300EE520E /* KaratheodorisTV.app */ = {isa = PBXFileReference; explicitFileType = wrapper.application; includeInIndex = 0; path = KaratheodorisTV.app; sourceTree = BUILT_PRODUCTS_DIR; };
		D632F1362B7E76E300EE520E /* KaratheodorisTVApp.swift */ = {isa = PBXFileReference; lastKnownFileType = sourcecode.swift; path = KaratheodorisTVApp.swift; sourceTree = "<group>"; };
		D632F1382B7E76E300EE520E /* ContentView.swift */ = {isa = PBXFileReference; lastKnownFileType = sourcecode.swift; path = ContentView.swift; sourceTree = "<group>"; };
		D632F13A2B7E76E500EE520E /* Assets.xcassets */ = {isa = PBXFileReference; lastKnownFileType = folder.assetcatalog; path = Assets.xcassets; sourceTree = "<group>"; };
		D632F13D2B7E76E500EE520E /* Preview Assets.xcassets */ = {isa = PBXFileReference; lastKnownFileType = folder.assetcatalog; path = "Preview Assets.xcassets"; sourceTree = "<group>"; };
		D632F1432B7E76E500EE520E /* KaratheodorisTVTests.xctest */ = {isa = PBXFileReference; explicitFileType = wrapper.cfbundle; includeInIndex = 0; path = KaratheodorisTVTests.xctest; sourceTree = BUILT_PRODUCTS_DIR; };
		D632F1472B7E76E500EE520E /* KaratheodorisTVTests.swift */ = {isa = PBXFileReference; lastKnownFileType = sourcecode.swift; path = KaratheodorisTVTests.swift; sourceTree = "<group>"; };
		D632F14D2B7E76E500EE520E /* KaratheodorisTVUITests.xctest */ = {isa = PBXFileReference; explicitFileType = wrapper.cfbundle; includeInIndex = 0; path = KaratheodorisTVUITests.xctest; sourceTree = BUILT_PRODUCTS_DIR; };
		D632F1512B7E76E500EE520E /* KaratheodorisTVUITests.swift */ = {isa = PBXFileReference; lastKnownFileType = sourcecode.swift; path = KaratheodorisTVUITests.swift; sourceTree = "<group>"; };
		D632F1532B7E76E500EE520E /* KaratheodorisTVUITestsLaunchTests.swift */ = {isa = PBXFileReference; lastKnownFileType = sourcecode.swift; path = KaratheodorisTVUITestsLaunchTests.swift; sourceTree = "<group>"; };
		D632F1632B7E7ADB00EE520E /* Publications.swift */ = {isa = PBXFileReference; fileEncoding = 4; lastKnownFileType = sourcecode.swift; path = Publications.swift; sourceTree = "<group>"; };
		D632F1642B7E7ADB00EE520E /* HomeView.swift */ = {isa = PBXFileReference; fileEncoding = 4; lastKnownFileType = sourcecode.swift; path = HomeView.swift; sourceTree = "<group>"; };
		D632F1652B7E7ADB00EE520E /* Biography.swift */ = {isa = PBXFileReference; fileEncoding = 4; lastKnownFileType = sourcecode.swift; path = Biography.swift; sourceTree = "<group>"; };
		D632F1682B7E7ADB00EE520E /* Gallery.swift */ = {isa = PBXFileReference; fileEncoding = 4; lastKnownFileType = sourcecode.swift; path = Gallery.swift; sourceTree = "<group>"; };
		D6978A072B7EBCCB00977E53 /* Info.plist */ = {isa = PBXFileReference; lastKnownFileType = text.plist; path = Info.plist; sourceTree = "<group>"; };
		D6978A0A2B7EC04C00977E53 /* QuizView.swift */ = {isa = PBXFileReference; lastKnownFileType = sourcecode.swift; path = QuizView.swift; sourceTree = "<group>"; };
		D6978A0F2B7EC26200977E53 /* Question.swift */ = {isa = PBXFileReference; lastKnownFileType = sourcecode.swift; path = Question.swift; sourceTree = "<group>"; };
		D6978A122B7ED63C00977E53 /* QuestionViewModel.swift */ = {isa = PBXFileReference; lastKnownFileType = sourcecode.swift; path = QuestionViewModel.swift; sourceTree = "<group>"; };
/* End PBXFileReference section */

/* Begin PBXFrameworksBuildPhase section */
		D632F1302B7E76E300EE520E /* Frameworks */ = {
			isa = PBXFrameworksBuildPhase;
			buildActionMask = 2147483647;
			files = (
			);
			runOnlyForDeploymentPostprocessing = 0;
		};
		D632F1402B7E76E500EE520E /* Frameworks */ = {
			isa = PBXFrameworksBuildPhase;
			buildActionMask = 2147483647;
			files = (
			);
			runOnlyForDeploymentPostprocessing = 0;
		};
		D632F14A2B7E76E500EE520E /* Frameworks */ = {
			isa = PBXFrameworksBuildPhase;
			buildActionMask = 2147483647;
			files = (
			);
			runOnlyForDeploymentPostprocessing = 0;
		};
/* End PBXFrameworksBuildPhase section */

/* Begin PBXGroup section */
		D632F12A2B7E76E300EE520E = {
			isa = PBXGroup;
			children = (
				D632F1352B7E76E300EE520E /* KaratheodorisTV */,
				D632F1462B7E76E500EE520E /* KaratheodorisTVTests */,
				D632F1502B7E76E500EE520E /* KaratheodorisTVUITests */,
				D632F1342B7E76E300EE520E /* Products */,
			);
			sourceTree = "<group>";
		};
		D632F1342B7E76E300EE520E /* Products */ = {
			isa = PBXGroup;
			children = (
				D632F1332B7E76E300EE520E /* KaratheodorisTV.app */,
				D632F1432B7E76E500EE520E /* KaratheodorisTVTests.xctest */,
				D632F14D2B7E76E500EE520E /* KaratheodorisTVUITests.xctest */,
			);
			name = Products;
			sourceTree = "<group>";
		};
		D632F1352B7E76E300EE520E /* KaratheodorisTV */ = {
			isa = PBXGroup;
			children = (
				D6978A112B7ED62600977E53 /* ViewModel */,
				D6978A0C2B7EC20D00977E53 /* Model */,
				D6978A072B7EBCCB00977E53 /* Info.plist */,
				D632F1622B7E7ACD00EE520E /* View */,
				D632F1362B7E76E300EE520E /* KaratheodorisTVApp.swift */,
				D632F1382B7E76E300EE520E /* ContentView.swift */,
				D632F13A2B7E76E500EE520E /* Assets.xcassets */,
				D632F13C2B7E76E500EE520E /* Preview Content */,
			);
			path = KaratheodorisTV;
			sourceTree = "<group>";
		};
		D632F13C2B7E76E500EE520E /* Preview Content */ = {
			isa = PBXGroup;
			children = (
				D632F13D2B7E76E500EE520E /* Preview Assets.xcassets */,
			);
			path = "Preview Content";
			sourceTree = "<group>";
		};
		D632F1462B7E76E500EE520E /* KaratheodorisTVTests */ = {
			isa = PBXGroup;
			children = (
				D632F1472B7E76E500EE520E /* KaratheodorisTVTests.swift */,
			);
			path = KaratheodorisTVTests;
			sourceTree = "<group>";
		};
		D632F1502B7E76E500EE520E /* KaratheodorisTVUITests */ = {
			isa = PBXGroup;
			children = (
				D632F1512B7E76E500EE520E /* KaratheodorisTVUITests.swift */,
				D632F1532B7E76E500EE520E /* KaratheodorisTVUITestsLaunchTests.swift */,
			);
			path = KaratheodorisTVUITests;
			sourceTree = "<group>";
		};
		D632F1622B7E7ACD00EE520E /* View */ = {
			isa = PBXGroup;
			children = (
				D632F1652B7E7ADB00EE520E /* Biography.swift */,
				D632F1682B7E7ADB00EE520E /* Gallery.swift */,
				D632F1642B7E7ADB00EE520E /* HomeView.swift */,
				D632F1632B7E7ADB00EE520E /* Publications.swift */,
				D6978A0A2B7EC04C00977E53 /* QuizView.swift */,
			);
			path = View;
			sourceTree = "<group>";
		};
		D6978A0C2B7EC20D00977E53 /* Model */ = {
			isa = PBXGroup;
			children = (
				D6978A0F2B7EC26200977E53 /* Question.swift */,
			);
			path = Model;
			sourceTree = "<group>";
		};
		D6978A112B7ED62600977E53 /* ViewModel */ = {
			isa = PBXGroup;
			children = (
				D6978A122B7ED63C00977E53 /* QuestionViewModel.swift */,
			);
			path = ViewModel;
			sourceTree = "<group>";
		};
/* End PBXGroup section */

/* Begin PBXNativeTarget section */
		D632F1322B7E76E300EE520E /* KaratheodorisTV */ = {
			isa = PBXNativeTarget;
			buildConfigurationList = D632F1572B7E76E500EE520E /* Build configuration list for PBXNativeTarget "KaratheodorisTV" */;
			buildPhases = (
				D632F12F2B7E76E300EE520E /* Sources */,
				D632F1302B7E76E300EE520E /* Frameworks */,
				D632F1312B7E76E300EE520E /* Resources */,
			);
			buildRules = (
			);
			dependencies = (
			);
			name = KaratheodorisTV;
			productName = KaratheodorisTV;
			productReference = D632F1332B7E76E300EE520E /* KaratheodorisTV.app */;
			productType = "com.apple.product-type.application";
		};
		D632F1422B7E76E500EE520E /* KaratheodorisTVTests */ = {
			isa = PBXNativeTarget;
			buildConfigurationList = D632F15A2B7E76E500EE520E /* Build configuration list for PBXNativeTarget "KaratheodorisTVTests" */;
			buildPhases = (
				D632F13F2B7E76E500EE520E /* Sources */,
				D632F1402B7E76E500EE520E /* Frameworks */,
				D632F1412B7E76E500EE520E /* Resources */,
			);
			buildRules = (
			);
			dependencies = (
				D632F1452B7E76E500EE520E /* PBXTargetDependency */,
			);
			name = KaratheodorisTVTests;
			productName = KaratheodorisTVTests;
			productReference = D632F1432B7E76E500EE520E /* KaratheodorisTVTests.xctest */;
			productType = "com.apple.product-type.bundle.unit-test";
		};
		D632F14C2B7E76E500EE520E /* KaratheodorisTVUITests */ = {
			isa = PBXNativeTarget;
			buildConfigurationList = D632F15D2B7E76E500EE520E /* Build configuration list for PBXNativeTarget "KaratheodorisTVUITests" */;
			buildPhases = (
				D632F1492B7E76E500EE520E /* Sources */,
				D632F14A2B7E76E500EE520E /* Frameworks */,
				D632F14B2B7E76E500EE520E /* Resources */,
			);
			buildRules = (
			);
			dependencies = (
				D632F14F2B7E76E500EE520E /* PBXTargetDependency */,
			);
			name = KaratheodorisTVUITests;
			productName = KaratheodorisTVUITests;
			productReference = D632F14D2B7E76E500EE520E /* KaratheodorisTVUITests.xctest */;
			productType = "com.apple.product-type.bundle.ui-testing";
		};
/* End PBXNativeTarget section */

/* Begin PBXProject section */
		D632F12B2B7E76E300EE520E /* Project object */ = {
			isa = PBXProject;
			attributes = {
				BuildIndependentTargetsInParallel = 1;
				LastSwiftUpdateCheck = 1520;
				LastUpgradeCheck = 1520;
				TargetAttributes = {
					D632F1322B7E76E300EE520E = {
						CreatedOnToolsVersion = 15.2;
					};
					D632F1422B7E76E500EE520E = {
						CreatedOnToolsVersion = 15.2;
						TestTargetID = D632F1322B7E76E300EE520E;
					};
					D632F14C2B7E76E500EE520E = {
						CreatedOnToolsVersion = 15.2;
						TestTargetID = D632F1322B7E76E300EE520E;
					};
				};
			};
			buildConfigurationList = D632F12E2B7E76E300EE520E /* Build configuration list for PBXProject "KaratheodorisTV" */;
			compatibilityVersion = "Xcode 14.0";
			developmentRegion = en;
			hasScannedForEncodings = 0;
			knownRegions = (
				en,
				Base,
			);
			mainGroup = D632F12A2B7E76E300EE520E;
			productRefGroup = D632F1342B7E76E300EE520E /* Products */;
			projectDirPath = "";
			projectRoot = "";
			targets = (
				D632F1322B7E76E300EE520E /* KaratheodorisTV */,
				D632F1422B7E76E500EE520E /* KaratheodorisTVTests */,
				D632F14C2B7E76E500EE520E /* KaratheodorisTVUITests */,
			);
		};
/* End PBXProject section */

/* Begin PBXResourcesBuildPhase section */
		D632F1312B7E76E300EE520E /* Resources */ = {
			isa = PBXResourcesBuildPhase;
			buildActionMask = 2147483647;
			files = (
				D632F13E2B7E76E500EE520E /* Preview Assets.xcassets in Resources */,
				D632F13B2B7E76E500EE520E /* Assets.xcassets in Resources */,
			);
			runOnlyForDeploymentPostprocessing = 0;
		};
		D632F1412B7E76E500EE520E /* Resources */ = {
			isa = PBXResourcesBuildPhase;
			buildActionMask = 2147483647;
			files = (
			);
			runOnlyForDeploymentPostprocessing = 0;
		};
		D632F14B2B7E76E500EE520E /* Resources */ = {
			isa = PBXResourcesBuildPhase;
			buildActionMask = 2147483647;
			files = (
			);
			runOnlyForDeploymentPostprocessing = 0;
		};
/* End PBXResourcesBuildPhase section */

/* Begin PBXSourcesBuildPhase section */
		D632F12F2B7E76E300EE520E /* Sources */ = {
			isa = PBXSourcesBuildPhase;
			buildActionMask = 2147483647;
			files = (
				D632F16E2B7E7ADB00EE520E /* Gallery.swift in Sources */,
				D6978A102B7EC26200977E53 /* Question.swift in Sources */,
				D632F16B2B7E7ADB00EE520E /* Biography.swift in Sources */,
				D632F1392B7E76E300EE520E /* ContentView.swift in Sources */,
				D632F1692B7E7ADB00EE520E /* Publications.swift in Sources */,
				D6978A0B2B7EC04C00977E53 /* QuizView.swift in Sources */,
				D632F16A2B7E7ADB00EE520E /* HomeView.swift in Sources */,
				D6978A132B7ED63C00977E53 /* QuestionViewModel.swift in Sources */,
				D632F1372B7E76E300EE520E /* KaratheodorisTVApp.swift in Sources */,
			);
			runOnlyForDeploymentPostprocessing = 0;
		};
		D632F13F2B7E76E500EE520E /* Sources */ = {
			isa = PBXSourcesBuildPhase;
			buildActionMask = 2147483647;
			files = (
				D632F1482B7E76E500EE520E /* KaratheodorisTVTests.swift in Sources */,
			);
			runOnlyForDeploymentPostprocessing = 0;
		};
		D632F1492B7E76E500EE520E /* Sources */ = {
			isa = PBXSourcesBuildPhase;
			buildActionMask = 2147483647;
			files = (
				D632F1522B7E76E500EE520E /* KaratheodorisTVUITests.swift in Sources */,
				D632F1542B7E76E500EE520E /* KaratheodorisTVUITestsLaunchTests.swift in Sources */,
			);
			runOnlyForDeploymentPostprocessing = 0;
		};
/* End PBXSourcesBuildPhase section */

/* Begin PBXTargetDependency section */
		D632F1452B7E76E500EE520E /* PBXTargetDependency */ = {
			isa = PBXTargetDependency;
			target = D632F1322B7E76E300EE520E /* KaratheodorisTV */;
			targetProxy = D632F1442B7E76E500EE520E /* PBXContainerItemProxy */;
		};
		D632F14F2B7E76E500EE520E /* PBXTargetDependency */ = {
			isa = PBXTargetDependency;
			target = D632F1322B7E76E300EE520E /* KaratheodorisTV */;
			targetProxy = D632F14E2B7E76E500EE520E /* PBXContainerItemProxy */;
		};
/* End PBXTargetDependency section */

/* Begin XCBuildConfiguration section */
		D632F1552B7E76E500EE520E /* Debug */ = {
			isa = XCBuildConfiguration;
			buildSettings = {
				ALWAYS_SEARCH_USER_PATHS = NO;
				ASSETCATALOG_COMPILER_GENERATE_SWIFT_ASSET_SYMBOL_EXTENSIONS = YES;
				CLANG_ANALYZER_NONNULL = YES;
				CLANG_ANALYZER_NUMBER_OBJECT_CONVERSION = YES_AGGRESSIVE;
				CLANG_CXX_LANGUAGE_STANDARD = "gnu++20";
				CLANG_ENABLE_MODULES = YES;
				CLANG_ENABLE_OBJC_ARC = YES;
				CLANG_ENABLE_OBJC_WEAK = YES;
				CLANG_WARN_BLOCK_CAPTURE_AUTORELEASING = YES;
				CLANG_WARN_BOOL_CONVERSION = YES;
				CLANG_WARN_COMMA = YES;
				CLANG_WARN_CONSTANT_CONVERSION = YES;
				CLANG_WARN_DEPRECATED_OBJC_IMPLEMENTATIONS = YES;
				CLANG_WARN_DIRECT_OBJC_ISA_USAGE = YES_ERROR;
				CLANG_WARN_DOCUMENTATION_COMMENTS = YES;
				CLANG_WARN_EMPTY_BODY = YES;
				CLANG_WARN_ENUM_CONVERSION = YES;
				CLANG_WARN_INFINITE_RECURSION = YES;
				CLANG_WARN_INT_CONVERSION = YES;
				CLANG_WARN_NON_LITERAL_NULL_CONVERSION = YES;
				CLANG_WARN_OBJC_IMPLICIT_RETAIN_SELF = YES;
				CLANG_WARN_OBJC_LITERAL_CONVERSION = YES;
				CLANG_WARN_OBJC_ROOT_CLASS = YES_ERROR;
				CLANG_WARN_QUOTED_INCLUDE_IN_FRAMEWORK_HEADER = YES;
				CLANG_WARN_RANGE_LOOP_ANALYSIS = YES;
				CLANG_WARN_STRICT_PROTOTYPES = YES;
				CLANG_WARN_SUSPICIOUS_MOVE = YES;
				CLANG_WARN_UNGUARDED_AVAILABILITY = YES_AGGRESSIVE;
				CLANG_WARN_UNREACHABLE_CODE = YES;
				CLANG_WARN__DUPLICATE_METHOD_MATCH = YES;
				COPY_PHASE_STRIP = NO;
				DEBUG_INFORMATION_FORMAT = dwarf;
				ENABLE_STRICT_OBJC_MSGSEND = YES;
				ENABLE_TESTABILITY = YES;
				ENABLE_USER_SCRIPT_SANDBOXING = YES;
				GCC_C_LANGUAGE_STANDARD = gnu17;
				GCC_DYNAMIC_NO_PIC = NO;
				GCC_NO_COMMON_BLOCKS = YES;
				GCC_OPTIMIZATION_LEVEL = 0;
				GCC_PREPROCESSOR_DEFINITIONS = (
					"DEBUG=1",
					"$(inherited)",
				);
				GCC_WARN_64_TO_32_BIT_CONVERSION = YES;
				GCC_WARN_ABOUT_RETURN_TYPE = YES_ERROR;
				GCC_WARN_UNDECLARED_SELECTOR = YES;
				GCC_WARN_UNINITIALIZED_AUTOS = YES_AGGRESSIVE;
				GCC_WARN_UNUSED_FUNCTION = YES;
				GCC_WARN_UNUSED_VARIABLE = YES;
				LOCALIZATION_PREFERS_STRING_CATALOGS = YES;
				MTL_ENABLE_DEBUG_INFO = INCLUDE_SOURCE;
				MTL_FAST_MATH = YES;
				ONLY_ACTIVE_ARCH = YES;
				SDKROOT = appletvos;
				SWIFT_ACTIVE_COMPILATION_CONDITIONS = "DEBUG $(inherited)";
				SWIFT_OPTIMIZATION_LEVEL = "-Onone";
				TVOS_DEPLOYMENT_TARGET = 17.2;
			};
			name = Debug;
		};
		D632F1562B7E76E500EE520E /* Release */ = {
			isa = XCBuildConfiguration;
			buildSettings = {
				ALWAYS_SEARCH_USER_PATHS = NO;
				ASSETCATALOG_COMPILER_GENERATE_SWIFT_ASSET_SYMBOL_EXTENSIONS = YES;
				CLANG_ANALYZER_NONNULL = YES;
				CLANG_ANALYZER_NUMBER_OBJECT_CONVERSION = YES_AGGRESSIVE;
				CLANG_CXX_LANGUAGE_STANDARD = "gnu++20";
				CLANG_ENABLE_MODULES = YES;
				CLANG_ENABLE_OBJC_ARC = YES;
				CLANG_ENABLE_OBJC_WEAK = YES;
				CLANG_WARN_BLOCK_CAPTURE_AUTORELEASING = YES;
				CLANG_WARN_BOOL_CONVERSION = YES;
				CLANG_WARN_COMMA = YES;
				CLANG_WARN_CONSTANT_CONVERSION = YES;
				CLANG_WARN_DEPRECATED_OBJC_IMPLEMENTATIONS = YES;
				CLANG_WARN_DIRECT_OBJC_ISA_USAGE = YES_ERROR;
				CLANG_WARN_DOCUMENTATION_COMMENTS = YES;
				CLANG_WARN_EMPTY_BODY = YES;
				CLANG_WARN_ENUM_CONVERSION = YES;
				CLANG_WARN_INFINITE_RECURSION = YES;
				CLANG_WARN_INT_CONVERSION = YES;
				CLANG_WARN_NON_LITERAL_NULL_CONVERSION = YES;
				CLANG_WARN_OBJC_IMPLICIT_RETAIN_SELF = YES;
				CLANG_WARN_OBJC_LITERAL_CONVERSION = YES;
				CLANG_WARN_OBJC_ROOT_CLASS = YES_ERROR;
				CLANG_WARN_QUOTED_INCLUDE_IN_FRAMEWORK_HEADER = YES;
				CLANG_WARN_RANGE_LOOP_ANALYSIS = YES;
				CLANG_WARN_STRICT_PROTOTYPES = YES;
				CLANG_WARN_SUSPICIOUS_MOVE = YES;
				CLANG_WARN_UNGUARDED_AVAILABILITY = YES_AGGRESSIVE;
				CLANG_WARN_UNREACHABLE_CODE = YES;
				CLANG_WARN__DUPLICATE_METHOD_MATCH = YES;
				COPY_PHASE_STRIP = NO;
				DEBUG_INFORMATION_FORMAT = "dwarf-with-dsym";
				ENABLE_NS_ASSERTIONS = NO;
				ENABLE_STRICT_OBJC_MSGSEND = YES;
				ENABLE_USER_SCRIPT_SANDBOXING = YES;
				GCC_C_LANGUAGE_STANDARD = gnu17;
				GCC_NO_COMMON_BLOCKS = YES;
				GCC_WARN_64_TO_32_BIT_CONVERSION = YES;
				GCC_WARN_ABOUT_RETURN_TYPE = YES_ERROR;
				GCC_WARN_UNDECLARED_SELECTOR = YES;
				GCC_WARN_UNINITIALIZED_AUTOS = YES_AGGRESSIVE;
				GCC_WARN_UNUSED_FUNCTION = YES;
				GCC_WARN_UNUSED_VARIABLE = YES;
				LOCALIZATION_PREFERS_STRING_CATALOGS = YES;
				MTL_ENABLE_DEBUG_INFO = NO;
				MTL_FAST_MATH = YES;
				SDKROOT = appletvos;
				SWIFT_COMPILATION_MODE = wholemodule;
				TVOS_DEPLOYMENT_TARGET = 17.2;
				VALIDATE_PRODUCT = YES;
			};
			name = Release;
		};
		D632F1582B7E76E500EE520E /* Debug */ = {
			isa = XCBuildConfiguration;
			buildSettings = {
				ASSETCATALOG_COMPILER_APPICON_NAME = "App Icon & Top Shelf Image";
				ASSETCATALOG_COMPILER_GLOBAL_ACCENT_COLOR_NAME = AccentColor;
				CODE_SIGN_STYLE = Automatic;
				CURRENT_PROJECT_VERSION = 1;
				DEVELOPMENT_ASSET_PATHS = "\"KaratheodorisTV/Preview Content\"";
				DEVELOPMENT_TEAM = K6LJCT8RAA;
				ENABLE_PREVIEWS = YES;
				GENERATE_INFOPLIST_FILE = YES;
				INFOPLIST_FILE = KaratheodorisTV/Info.plist;
				INFOPLIST_KEY_UILaunchScreen_Generation = YES;
				INFOPLIST_KEY_UIUserInterfaceStyle = Automatic;
				LD_RUNPATH_SEARCH_PATHS = (
					"$(inherited)",
					"@executable_path/Frameworks",
				);
				MARKETING_VERSION = 1.0;
				PRODUCT_BUNDLE_IDENTIFIER = com.template.KaratheodorisTV;
				PRODUCT_NAME = "$(TARGET_NAME)";
				SWIFT_EMIT_LOC_STRINGS = YES;
				SWIFT_VERSION = 5.0;
				TARGETED_DEVICE_FAMILY = 3;
			};
			name = Debug;
		};
		D632F1592B7E76E500EE520E /* Release */ = {
			isa = XCBuildConfiguration;
			buildSettings = {
				ASSETCATALOG_COMPILER_APPICON_NAME = "App Icon & Top Shelf Image";
				ASSETCATALOG_COMPILER_GLOBAL_ACCENT_COLOR_NAME = AccentColor;
				CODE_SIGN_STYLE = Automatic;
				CURRENT_PROJECT_VERSION = 1;
				DEVELOPMENT_ASSET_PATHS = "\"KaratheodorisTV/Preview Content\"";
				DEVELOPMENT_TEAM = K6LJCT8RAA;
				ENABLE_PREVIEWS = YES;
				GENERATE_INFOPLIST_FILE = YES;
				INFOPLIST_FILE = KaratheodorisTV/Info.plist;
				INFOPLIST_KEY_UILaunchScreen_Generation = YES;
				INFOPLIST_KEY_UIUserInterfaceStyle = Automatic;
				LD_RUNPATH_SEARCH_PATHS = (
					"$(inherited)",
					"@executable_path/Frameworks",
				);
				MARKETING_VERSION = 1.0;
				PRODUCT_BUNDLE_IDENTIFIER = com.template.KaratheodorisTV;
				PRODUCT_NAME = "$(TARGET_NAME)";
				SWIFT_EMIT_LOC_STRINGS = YES;
				SWIFT_VERSION = 5.0;
				TARGETED_DEVICE_FAMILY = 3;
			};
			name = Release;
		};
		D632F15B2B7E76E500EE520E /* Debug */ = {
			isa = XCBuildConfiguration;
			buildSettings = {
				ALWAYS_EMBED_SWIFT_STANDARD_LIBRARIES = YES;
				BUNDLE_LOADER = "$(TEST_HOST)";
				CODE_SIGN_STYLE = Automatic;
				CURRENT_PROJECT_VERSION = 1;
				DEVELOPMENT_TEAM = K6LJCT8RAA;
				GENERATE_INFOPLIST_FILE = YES;
				MARKETING_VERSION = 1.0;
				PRODUCT_BUNDLE_IDENTIFIER = com.template.KaratheodorisTVTests;
				PRODUCT_NAME = "$(TARGET_NAME)";
				SWIFT_EMIT_LOC_STRINGS = NO;
				SWIFT_VERSION = 5.0;
				TARGETED_DEVICE_FAMILY = 3;
				TEST_HOST = "$(BUILT_PRODUCTS_DIR)/KaratheodorisTV.app/$(BUNDLE_EXECUTABLE_FOLDER_PATH)/KaratheodorisTV";
				TVOS_DEPLOYMENT_TARGET = 17.2;
			};
			name = Debug;
		};
		D632F15C2B7E76E500EE520E /* Release */ = {
			isa = XCBuildConfiguration;
			buildSettings = {
				ALWAYS_EMBED_SWIFT_STANDARD_LIBRARIES = YES;
				BUNDLE_LOADER = "$(TEST_HOST)";
				CODE_SIGN_STYLE = Automatic;
				CURRENT_PROJECT_VERSION = 1;
				DEVELOPMENT_TEAM = K6LJCT8RAA;
				GENERATE_INFOPLIST_FILE = YES;
				MARKETING_VERSION = 1.0;
				PRODUCT_BUNDLE_IDENTIFIER = com.template.KaratheodorisTVTests;
				PRODUCT_NAME = "$(TARGET_NAME)";
				SWIFT_EMIT_LOC_STRINGS = NO;
				SWIFT_VERSION = 5.0;
				TARGETED_DEVICE_FAMILY = 3;
				TEST_HOST = "$(BUILT_PRODUCTS_DIR)/KaratheodorisTV.app/$(BUNDLE_EXECUTABLE_FOLDER_PATH)/KaratheodorisTV";
				TVOS_DEPLOYMENT_TARGET = 17.2;
			};
			name = Release;
		};
		D632F15E2B7E76E500EE520E /* Debug */ = {
			isa = XCBuildConfiguration;
			buildSettings = {
				ALWAYS_EMBED_SWIFT_STANDARD_LIBRARIES = YES;
				CODE_SIGN_STYLE = Automatic;
				CURRENT_PROJECT_VERSION = 1;
				DEVELOPMENT_TEAM = K6LJCT8RAA;
				GENERATE_INFOPLIST_FILE = YES;
				MARKETING_VERSION = 1.0;
				PRODUCT_BUNDLE_IDENTIFIER = com.template.KaratheodorisTVUITests;
				PRODUCT_NAME = "$(TARGET_NAME)";
				SWIFT_EMIT_LOC_STRINGS = NO;
				SWIFT_VERSION = 5.0;
				TARGETED_DEVICE_FAMILY = 3;
				TEST_TARGET_NAME = KaratheodorisTV;
			};
			name = Debug;
		};
		D632F15F2B7E76E500EE520E /* Release */ = {
			isa = XCBuildConfiguration;
			buildSettings = {
				ALWAYS_EMBED_SWIFT_STANDARD_LIBRARIES = YES;
				CODE_SIGN_STYLE = Automatic;
				CURRENT_PROJECT_VERSION = 1;
				DEVELOPMENT_TEAM = K6LJCT8RAA;
				GENERATE_INFOPLIST_FILE = YES;
				MARKETING_VERSION = 1.0;
				PRODUCT_BUNDLE_IDENTIFIER = com.template.KaratheodorisTVUITests;
				PRODUCT_NAME = "$(TARGET_NAME)";
				SWIFT_EMIT_LOC_STRINGS = NO;
				SWIFT_VERSION = 5.0;
				TARGETED_DEVICE_FAMILY = 3;
				TEST_TARGET_NAME = KaratheodorisTV;
			};
			name = Release;
		};
/* End XCBuildConfiguration section */

/* Begin XCConfigurationList section */
		D632F12E2B7E76E300EE520E /* Build configuration list for PBXProject "KaratheodorisTV" */ = {
			isa = XCConfigurationList;
			buildConfigurations = (
				D632F1552B7E76E500EE520E /* Debug */,
				D632F1562B7E76E500EE520E /* Release */,
			);
			defaultConfigurationIsVisible = 0;
			defaultConfigurationName = Release;
		};
		D632F1572B7E76E500EE520E /* Build configuration list for PBXNativeTarget "KaratheodorisTV" */ = {
			isa = XCConfigurationList;
			buildConfigurations = (
				D632F1582B7E76E500EE520E /* Debug */,
				D632F1592B7E76E500EE520E /* Release */,
			);
			defaultConfigurationIsVisible = 0;
			defaultConfigurationName = Release;
		};
		D632F15A2B7E76E500EE520E /* Build configuration list for PBXNativeTarget "KaratheodorisTVTests" */ = {
			isa = XCConfigurationList;
			buildConfigurations = (
				D632F15B2B7E76E500EE520E /* Debug */,
				D632F15C2B7E76E500EE520E /* Release */,
			);
			defaultConfigurationIsVisible = 0;
			defaultConfigurationName = Release;
		};
		D632F15D2B7E76E500EE520E /* Build configuration list for PBXNativeTarget "KaratheodorisTVUITests" */ = {
			isa = XCConfigurationList;
			buildConfigurations = (
				D632F15E2B7E76E500EE520E /* Debug */,
				D632F15F2B7E76E500EE520E /* Release */,
			);
			defaultConfigurationIsVisible = 0;
			defaultConfigurationName = Release;
		};
/* End XCConfigurationList section */
	};
	rootObject = D632F12B2B7E76E300EE520E /* Project object */;
}
